
Microsoft Visual Studio Solution File, Format Version 12.00
# Visual Studio 2013
VisualStudioVersion = 12.0.30501.0
MinimumVisualStudioVersion = 10.0.40219.1
Project("{FAE04EC0-301F-11D3-BF4B-00C04F79EFBC}") = "Authentication.API", "Authentication.Api\Authentication.API.csproj", "{BD424D9B-25AA-4336-81CE-FBD063A4F317}"
EndProject
Project("{FAE04EC0-301F-11D3-BF4B-00C04F79EFBC}") = "Authentication.Web", "Authentication.Web\Authentication.Web.csproj", "{17C8CA61-98DB-4A15-9379-C16CE4E14426}"
EndProject
Global
	GlobalSection(SolutionConfigurationPlatforms) = preSolution
		Debug|Any CPU = Debug|Any CPU
		Release|Any CPU = Release|Any CPU
	EndGlobalSection
	GlobalSection(ProjectConfigurationPlatforms) = postSolution
		{BD424D9B-25AA-4336-81CE-FBD063A4F317}.Debug|Any CPU.ActiveCfg = Debug|Any CPU
		{BD424D9B-25AA-4336-81CE-FBD063A4F317}.Debug|Any CPU.Build.0 = Debug|Any CPU
		{BD424D9B-25AA-4336-81CE-FBD063A4F317}.Release|Any CPU.ActiveCfg = Release|Any CPU
		{BD424D9B-25AA-4336-81CE-FBD063A4F317}.Release|Any CPU.Build.0 = Release|Any CPU
		{17C8CA61-98DB-4A15-9379-C16CE4E14426}.Debug|Any CPU.ActiveCfg = Debug|Any CPU
		{17C8CA61-98DB-4A15-9379-C16CE4E14426}.Debug|Any CPU.Build.0 = Debug|Any CPU
		{17C8CA61-98DB-4A15-9379-C16CE4E14426}.Release|Any CPU.ActiveCfg = Release|Any CPU
		{17C8CA61-98DB-4A15-9379-C16CE4E14426}.Release|Any CPU.Build.0 = Release|Any CPU
	EndGlobalSection
	GlobalSection(SolutionProperties) = preSolution
		HideSolutionNode = FALSE
	EndGlobalSection
EndGlobal
